
Microsoft Visual Studio Solution File, Format Version 12.00
# Visual Studio Version 16
VisualStudioVersion = 16.0.31205.134
MinimumVisualStudioVersion = 10.0.40219.1
Project("{9A19103F-16F7-4668-BE54-9A1E7A4F7556}") = "FormationNet5", "FormationNet5\FormationNet5.csproj", "{D44AB9B0-7B7B-4D2F-9366-2B264440F52C}"
EndProject
Project("{9A19103F-16F7-4668-BE54-9A1E7A4F7556}") = "exampleMVCApplication", "exampleMVCApplication\exampleMVCApplication.csproj", "{341A29D5-8888-4E7B-938E-785D316FD765}"
EndProject
Project("{9A19103F-16F7-4668-BE54-9A1E7A4F7556}") = "exampleAspNetRazorPage", "exampleAspNetRazorPage\exampleAspNetRazorPage.csproj", "{0B0958F1-7ACF-4B6D-AEA5-9EF0E5B1C1FC}"
EndProject
Project("{9A19103F-16F7-4668-BE54-9A1E7A4F7556}") = "FormationApiRest", "FormationApiRest\FormationApiRest.csproj", "{49481EE6-C90A-4DBE-B6CF-6353567A4FC3}"
EndProject
Project("{FAE04EC0-301F-11D3-BF4B-00C04F79EFBC}") = "Shop", "Shop\Shop.csproj", "{0B2F8DFD-348E-46B9-BDC7-2A4CDF2270E5}"
EndProject
Global
	GlobalSection(SolutionConfigurationPlatforms) = preSolution
		Debug|Any CPU = Debug|Any CPU
		Release|Any CPU = Release|Any CPU
	EndGlobalSection
	GlobalSection(ProjectConfigurationPlatforms) = postSolution
		{D44AB9B0-7B7B-4D2F-9366-2B264440F52C}.Debug|Any CPU.ActiveCfg = Debug|Any CPU
		{D44AB9B0-7B7B-4D2F-9366-2B264440F52C}.Debug|Any CPU.Build.0 = Debug|Any CPU
		{D44AB9B0-7B7B-4D2F-9366-2B264440F52C}.Release|Any CPU.ActiveCfg = Release|Any CPU
		{D44AB9B0-7B7B-4D2F-9366-2B264440F52C}.Release|Any CPU.Build.0 = Release|Any CPU
		{341A29D5-8888-4E7B-938E-785D316FD765}.Debug|Any CPU.ActiveCfg = Debug|Any CPU
		{341A29D5-8888-4E7B-938E-785D316FD765}.Debug|Any CPU.Build.0 = Debug|Any CPU
		{341A29D5-8888-4E7B-938E-785D316FD765}.Release|Any CPU.ActiveCfg = Release|Any CPU
		{341A29D5-8888-4E7B-938E-785D316FD765}.Release|Any CPU.Build.0 = Release|Any CPU
		{0B0958F1-7ACF-4B6D-AEA5-9EF0E5B1C1FC}.Debug|Any CPU.ActiveCfg = Debug|Any CPU
		{0B0958F1-7ACF-4B6D-AEA5-9EF0E5B1C1FC}.Debug|Any CPU.Build.0 = Debug|Any CPU
		{0B0958F1-7ACF-4B6D-AEA5-9EF0E5B1C1FC}.Release|Any CPU.ActiveCfg = Release|Any CPU
		{0B0958F1-7ACF-4B6D-AEA5-9EF0E5B1C1FC}.Release|Any CPU.Build.0 = Release|Any CPU
		{49481EE6-C90A-4DBE-B6CF-6353567A4FC3}.Debug|Any CPU.ActiveCfg = Debug|Any CPU
		{49481EE6-C90A-4DBE-B6CF-6353567A4FC3}.Debug|Any CPU.Build.0 = Debug|Any CPU
		{49481EE6-C90A-4DBE-B6CF-6353567A4FC3}.Release|Any CPU.ActiveCfg = Release|Any CPU
		{49481EE6-C90A-4DBE-B6CF-6353567A4FC3}.Release|Any CPU.Build.0 = Release|Any CPU
		{0B2F8DFD-348E-46B9-BDC7-2A4CDF2270E5}.Debug|Any CPU.ActiveCfg = Debug|Any CPU
		{0B2F8DFD-348E-46B9-BDC7-2A4CDF2270E5}.Debug|Any CPU.Build.0 = Debug|Any CPU
		{0B2F8DFD-348E-46B9-BDC7-2A4CDF2270E5}.Release|Any CPU.ActiveCfg = Release|Any CPU
		{0B2F8DFD-348E-46B9-BDC7-2A4CDF2270E5}.Release|Any CPU.Build.0 = Release|Any CPU
	EndGlobalSection
	GlobalSection(SolutionProperties) = preSolution
		HideSolutionNode = FALSE
	EndGlobalSection
	GlobalSection(ExtensibilityGlobals) = postSolution
		SolutionGuid = {61157856-062C-4114-862C-40C42BE7749B}
	EndGlobalSection
EndGlobal
